
Microsoft Visual Studio Solution File, Format Version 12.00
# Visual Studio 2013
VisualStudioVersion = 12.0.31101.0
MinimumVisualStudioVersion = 10.0.40219.1
Project("{CC5FD16D-436D-48AD-A40C-5A424C6E3E79}") = "StatusMonitorSample", "StatusMonitorSample.ccproj", "{401F6A8A-12D1-440F-BBD4-7095602FF73D}"
EndProject
Project("{FAE04EC0-301F-11D3-BF4B-00C04F79EFBC}") = "WebRole", "WebRole\WebRole.csproj", "{7B7D2ABA-4D3E-45BF-A117-9F43FA5E2FA5}"
EndProject
Global
	GlobalSection(SolutionConfigurationPlatforms) = preSolution
		Debug|Any CPU = Debug|Any CPU
		Release|Any CPU = Release|Any CPU
	EndGlobalSection
	GlobalSection(ProjectConfigurationPlatforms) = postSolution
		{401F6A8A-12D1-440F-BBD4-7095602FF73D}.Debug|Any CPU.ActiveCfg = Debug|Any CPU
		{401F6A8A-12D1-440F-BBD4-7095602FF73D}.Debug|Any CPU.Build.0 = Debug|Any CPU
		{401F6A8A-12D1-440F-BBD4-7095602FF73D}.Release|Any CPU.ActiveCfg = Release|Any CPU
		{401F6A8A-12D1-440F-BBD4-7095602FF73D}.Release|Any CPU.Build.0 = Release|Any CPU
		{7B7D2ABA-4D3E-45BF-A117-9F43FA5E2FA5}.Debug|Any CPU.ActiveCfg = Debug|Any CPU
		{7B7D2ABA-4D3E-45BF-A117-9F43FA5E2FA5}.Debug|Any CPU.Build.0 = Debug|Any CPU
		{7B7D2ABA-4D3E-45BF-A117-9F43FA5E2FA5}.Release|Any CPU.ActiveCfg = Release|Any CPU
		{7B7D2ABA-4D3E-45BF-A117-9F43FA5E2FA5}.Release|Any CPU.Build.0 = Release|Any CPU
	EndGlobalSection
	GlobalSection(SolutionProperties) = preSolution
		HideSolutionNode = FALSE
	EndGlobalSection
EndGlobal
